
Microsoft Visual Studio Solution File, Format Version 12.00
# Visual Studio Version 17
VisualStudioVersion = 17.11.35327.3
MinimumVisualStudioVersion = 10.0.40219.1
Project("{FAE04EC0-301F-11D3-BF4B-00C04F79EFBC}") = "RazorPagesPractice", "RazorPagesPractice.csproj", "{04386D42-611D-4990-83AF-EC3163A947FF}"
EndProject
Global
	GlobalSection(SolutionConfigurationPlatforms) = preSolution
		Debug|Any CPU = Debug|Any CPU
		Release|Any CPU = Release|Any CPU
	EndGlobalSection
	GlobalSection(ProjectConfigurationPlatforms) = postSolution
		{04386D42-611D-4990-83AF-EC3163A947FF}.Debug|Any CPU.ActiveCfg = Debug|Any CPU
		{04386D42-611D-4990-83AF-EC3163A947FF}.Debug|Any CPU.Build.0 = Debug|Any CPU
		{04386D42-611D-4990-83AF-EC3163A947FF}.Release|Any CPU.ActiveCfg = Release|Any CPU
		{04386D42-611D-4990-83AF-EC3163A947FF}.Release|Any CPU.Build.0 = Release|Any CPU
	EndGlobalSection
	GlobalSection(SolutionProperties) = preSolution
		HideSolutionNode = FALSE
	EndGlobalSection
	GlobalSection(ExtensibilityGlobals) = postSolution
		SolutionGuid = {DED38D51-749C-4987-8C09-2D25C730C38D}
	EndGlobalSection
EndGlobal
